// !$*UTF8*$!
{
	archiveVersion = 1;
	classes = {
	};
	objectVersion = 46;
	objects = {

/* Begin PBXBuildFile section */
		B462F3DEFCEC0B8A262DC368 /* main.m in Sources */ = {isa = PBXBuildFile; fileRef = B462FE5B4C205ED6FA42CEAA /* main.m */; };
/* End PBXBuildFile section */

/* Begin PBXCopyFilesBuildPhase section */
		B462F7A106F27EA8D8AB2D09 /* CopyFiles */ = {
			isa = PBXCopyFilesBuildPhase;
			buildActionMask = 2147483647;
			dstPath = /usr/share/man/man1/;
			dstSubfolderSpec = 0;
			files = (
			);
			runOnlyForDeploymentPostprocessing = 1;
		};
/* End PBXCopyFilesBuildPhase section */

/* Begin PBXFileReference section */
		B462F4757353A70435A6DD95 /* ch13_prog11 */ = {isa = PBXFileReference; explicitFileType = "compiled.mach-o.executable"; includeInIndex = 0; path = ch13_prog11; sourceTree = BUILT_PRODUCTS_DIR; };
		B462FE5B4C205ED6FA42CEAA /* main.m */ = {isa = PBXFileReference; lastKnownFileType = sourcecode.c.objc; path = main.m; sourceTree = "<group>"; };
/* End PBXFileReference section */

/* Begin PBXFrameworksBuildPhase section */
		B462F0FCD16A88D6C4DF391F /* Frameworks */ = {
			isa = PBXFrameworksBuildPhase;
			buildActionMask = 2147483647;
			files = (
			);
			runOnlyForDeploymentPostprocessing = 0;
		};
/* End PBXFrameworksBuildPhase section */

/* Begin PBXGroup section */
		B462F2A0FB665BB5686864D9 /* ch13_prog11 */ = {
			isa = PBXGroup;
			children = (
				B462FE5B4C205ED6FA42CEAA /* main.m */,
			);
			path = ch13_prog11;
			sourceTree = "<group>";
		};
		B462F55E869AB8BC4DE3C562 = {
			isa = PBXGroup;
			children = (
				B462F8B4FD50A7D85B86F54A /* Products */,
				B462F2A0FB665BB5686864D9 /* ch13_prog11 */,
			);
			sourceTree = "<group>";
		};
		B462F8B4FD50A7D85B86F54A /* Products */ = {
			isa = PBXGroup;
			children = (
				B462F4757353A70435A6DD95 /* ch13_prog11 */,
			);
			name = Products;
			sourceTree = "<group>";
		};
/* End PBXGroup section */

/* Begin PBXNativeTarget section */
		B462F19981FA717A10147ABB /* ch13_prog11 */ = {
			isa = PBXNativeTarget;
			buildConfigurationList = B462F370311FD3DD77B839DD /* Build configuration list for PBXNativeTarget "ch13_prog11" */;
			buildPhases = (
				B462FB5BDE3D75B00D74FBC0 /* Sources */,
				B462F0FCD16A88D6C4DF391F /* Frameworks */,
				B462F7A106F27EA8D8AB2D09 /* CopyFiles */,
			);
			buildRules = (
			);
			dependencies = (
			);
			name = ch13_prog11;
			productName = ch13_prog11;
			productReference = B462F4757353A70435A6DD95 /* ch13_prog11 */;
			productType = "com.apple.product-type.tool";
		};
/* End PBXNativeTarget section */

/* Begin PBXProject section */
		B462F9F3DD693EA67D012D7D /* Project object */ = {
			isa = PBXProject;
			attributes = {
				ORGANIZATIONNAME = Shuieryin;
			};
			buildConfigurationList = B462FE07DE0415DC7839B191 /* Build configuration list for PBXProject "ch13_prog11" */;
			compatibilityVersion = "Xcode 3.2";
			developmentRegion = English;
			hasScannedForEncodings = 0;
			knownRegions = (
				en,
			);
			mainGroup = B462F55E869AB8BC4DE3C562;
			productRefGroup = B462F8B4FD50A7D85B86F54A /* Products */;
			projectDirPath = "";
			projectRoot = "";
			targets = (
				B462F19981FA717A10147ABB /* ch13_prog11 */,
			);
		};
/* End PBXProject section */

/* Begin PBXSourcesBuildPhase section */
		B462FB5BDE3D75B00D74FBC0 /* Sources */ = {
			isa = PBXSourcesBuildPhase;
			buildActionMask = 2147483647;
			files = (
				B462F3DEFCEC0B8A262DC368 /* main.m in Sources */,
			);
			runOnlyForDeploymentPostprocessing = 0;
		};
/* End PBXSourcesBuildPhase section */

/* Begin XCBuildConfiguration section */
		B462F122E4149FFA28E74E98 /* Debug */ = {
			isa = XCBuildConfiguration;
			buildSettings = {
				PRODUCT_NAME = "$(TARGET_NAME)";
			};
			name = Debug;
		};
		B462F743C91085A7AC4878CC /* Release */ = {
			isa = XCBuildConfiguration;
			buildSettings = {
				ALWAYS_SEARCH_USER_PATHS = NO;
				CLANG_ANALYZER_NONNULL = YES;
				CLANG_CXX_LANGUAGE_STANDARD = "gnu++0x";
				CLANG_CXX_LIBRARY = "libc++";
				CLANG_ENABLE_MODULES = YES;
				CLANG_ENABLE_OBJC_ARC = YES;
				CLANG_WARN_BOOL_CONVERSION = YES;
				CLANG_WARN_CONSTANT_CONVERSION = YES;
				CLANG_WARN_DIRECT_OBJC_ISA_USAGE = YES_ERROR;
				CLANG_WARN_EMPTY_BODY = YES;
				CLANG_WARN_ENUM_CONVERSION = YES;
				CLANG_WARN_INT_CONVERSION = YES;
				CLANG_WARN_OBJC_ROOT_CLASS = YES_ERROR;
				CLANG_WARN_UNREACHABLE_CODE = YES;
				CLANG_WARN__DUPLICATE_METHOD_MATCH = YES;
				CODE_SIGN_IDENTITY = "-";
				COPY_PHASE_STRIP = NO;
				DEBUG_INFORMATION_FORMAT = "dwarf-with-dsym";
				ENABLE_NS_ASSERTIONS = NO;
				ENABLE_STRICT_OBJC_MSGSEND = YES;
				GCC_C_LANGUAGE_STANDARD = gnu99;
				GCC_NO_COMMON_BLOCKS = YES;
				GCC_WARN_64_TO_32_BIT_CONVERSION = YES;
				GCC_WARN_ABOUT_RETURN_TYPE = YES_ERROR;
				GCC_WARN_UNDECLARED_SELECTOR = YES;
				GCC_WARN_UNINITIALIZED_AUTOS = YES_AGGRESSIVE;
				GCC_WARN_UNUSED_FUNCTION = YES;
				GCC_WARN_UNUSED_VARIABLE = YES;
				MACOSX_DEPLOYMENT_TARGET = 10.11;
				MTL_ENABLE_DEBUG_INFO = NO;
				SDKROOT = macosx;
			};
			name = Release;
		};
		B462FC1C4F61E171107E9A04 /* Release */ = {
			isa = XCBuildConfiguration;
			buildSettings = {
				PRODUCT_NAME = "$(TARGET_NAME)";
			};
			name = Release;
		};
		B462FF64F7C99531E2D84633 /* Debug */ = {
			isa = XCBuildConfiguration;
			buildSettings = {
				ALWAYS_SEARCH_USER_PATHS = NO;
				CLANG_ANALYZER_NONNULL = YES;
				CLANG_CXX_LANGUAGE_STANDARD = "gnu++0x";
				CLANG_CXX_LIBRARY = "libc++";
				CLANG_ENABLE_MODULES = YES;
				CLANG_ENABLE_OBJC_ARC = YES;
				CLANG_WARN_BOOL_CONVERSION = YES;
				CLANG_WARN_CONSTANT_CONVERSION = YES;
				CLANG_WARN_DIRECT_OBJC_ISA_USAGE = YES_ERROR;
				CLANG_WARN_EMPTY_BODY = YES;
				CLANG_WARN_ENUM_CONVERSION = YES;
				CLANG_WARN_INT_CONVERSION = YES;
				CLANG_WARN_OBJC_ROOT_CLASS = YES_ERROR;
				CLANG_WARN_UNREACHABLE_CODE = YES;
				CLANG_WARN__DUPLICATE_METHOD_MATCH = YES;
				CODE_SIGN_IDENTITY = "-";
				COPY_PHASE_STRIP = NO;
				DEBUG_INFORMATION_FORMAT = dwarf;
				ENABLE_STRICT_OBJC_MSGSEND = YES;
				ENABLE_TESTABILITY = YES;
				GCC_C_LANGUAGE_STANDARD = gnu99;
				GCC_DYNAMIC_NO_PIC = NO;
				GCC_NO_COMMON_BLOCKS = YES;
				GCC_OPTIMIZATION_LEVEL = 0;
				GCC_PREPROCESSOR_DEFINITIONS = (
					"DEBUG=1",
					"$(inherited)",
				);
				GCC_WARN_64_TO_32_BIT_CONVERSION = YES;
				GCC_WARN_ABOUT_RETURN_TYPE = YES_ERROR;
				GCC_WARN_UNDECLARED_SELECTOR = YES;
				GCC_WARN_UNINITIALIZED_AUTOS = YES_AGGRESSIVE;
				GCC_WARN_UNUSED_FUNCTION = YES;
				GCC_WARN_UNUSED_VARIABLE = YES;
				MACOSX_DEPLOYMENT_TARGET = 10.11;
				MTL_ENABLE_DEBUG_INFO = YES;
				ONLY_ACTIVE_ARCH = YES;
				SDKROOT = macosx;
			};
			name = Debug;
		};
/* End XCBuildConfiguration section */

/* Begin XCConfigurationList section */
		B462F370311FD3DD77B839DD /* Build configuration list for PBXNativeTarget "ch13_prog11" */ = {
			isa = XCConfigurationList;
			buildConfigurations = (
				B462F122E4149FFA28E74E98 /* Debug */,
				B462FC1C4F61E171107E9A04 /* Release */,
			);
			defaultConfigurationIsVisible = 0;
		};
		B462FE07DE0415DC7839B191 /* Build configuration list for PBXProject "ch13_prog11" */ = {
			isa = XCConfigurationList;
			buildConfigurations = (
				B462FF64F7C99531E2D84633 /* Debug */,
				B462F743C91085A7AC4878CC /* Release */,
			);
			defaultConfigurationIsVisible = 0;
			defaultConfigurationName = Release;
		};
/* End XCConfigurationList section */
	};
	rootObject = B462F9F3DD693EA67D012D7D /* Project object */;
}
