<?xml version="1.0" encoding="UTF-8"?>
<Scheme
   version = "1.3">
   <BuildAction>
      <BuildActionEntries>
         <BuildActionEntry
            buildForRunning = "YES">
            <BuildableReference
               BuildableIdentifier = "primary"
               BlueprintIdentifier = "B462FAEC4A2DEF1C3C0F4415"
               BuildableName = "ch6_prog6"
               BlueprintName = "ch6_prog6"
               ReferencedContainer = "container:ch6_prog6.xcodeproj">
            </BuildableReference>
         </BuildActionEntry>
      </BuildActionEntries>
   </BuildAction>
   <LaunchAction
      useCustomWorkingDirectory = "NO"
      buildConfiguration = "Debug">
      <BuildableProductRunnable>
         <BuildableReference
            BuildableIdentifier = "primary"
            BlueprintIdentifier = "B462FAEC4A2DEF1C3C0F4415"
            BuildableName = "ch6_prog6"
            BlueprintName = "ch6_prog6"
            ReferencedContainer = "container:ch6_prog6.xcodeproj">
         </BuildableReference>
      </BuildableProductRunnable>
   </LaunchAction>
</Scheme>
