<?xml version="1.0" encoding="UTF-8"?>
<Scheme
   version = "1.3">
   <BuildAction>
      <BuildActionEntries>
         <BuildActionEntry
            buildForRunning = "YES">
            <BuildableReference
               BuildableIdentifier = "primary"
               BlueprintIdentifier = "B462FFE653C59EF31EFE07AF"
               BuildableName = "ch5_prog5"
               BlueprintName = "ch5_prog5"
               ReferencedContainer = "container:ch5_prog5.xcodeproj">
            </BuildableReference>
         </BuildActionEntry>
      </BuildActionEntries>
   </BuildAction>
   <LaunchAction
      useCustomWorkingDirectory = "NO"
      buildConfiguration = "Debug">
      <BuildableProductRunnable>
         <BuildableReference
            BuildableIdentifier = "primary"
            BlueprintIdentifier = "B462FFE653C59EF31EFE07AF"
            BuildableName = "ch5_prog5"
            BlueprintName = "ch5_prog5"
            ReferencedContainer = "container:ch5_prog5.xcodeproj">
         </BuildableReference>
      </BuildableProductRunnable>
   </LaunchAction>
</Scheme>
