<?xml version="1.0" encoding="UTF-8"?>
<Scheme
   version = "1.3">
   <BuildAction>
      <BuildActionEntries>
         <BuildActionEntry
            buildForRunning = "YES">
            <BuildableReference
               BuildableIdentifier = "primary"
               BlueprintIdentifier = "B462F2257C1AB939207B299D"
               BuildableName = "ch15_prog3"
               BlueprintName = "ch15_prog3"
               ReferencedContainer = "container:ch15_prog3.xcodeproj">
            </BuildableReference>
         </BuildActionEntry>
      </BuildActionEntries>
   </BuildAction>
   <LaunchAction
      useCustomWorkingDirectory = "NO"
      buildConfiguration = "Debug">
      <BuildableProductRunnable>
         <BuildableReference
            BuildableIdentifier = "primary"
            BlueprintIdentifier = "B462F2257C1AB939207B299D"
            BuildableName = "ch15_prog3"
            BlueprintName = "ch15_prog3"
            ReferencedContainer = "container:ch15_prog3.xcodeproj">
         </BuildableReference>
      </BuildableProductRunnable>
   </LaunchAction>
</Scheme>
