// !$*UTF8*$!
{
	archiveVersion = 1;
	classes = {
	};
	objectVersion = 46;
	objects = {

/* Begin PBXBuildFile section */
		B462F6171BC2633B73FA9309 /* main.m in Sources */ = {isa = PBXBuildFile; fileRef = B462FE95E3D72B4D57AB3EAD /* main.m */; };
/* End PBXBuildFile section */

/* Begin PBXCopyFilesBuildPhase section */
		B462F4C86CBA282F65AFF6CF /* CopyFiles */ = {
			isa = PBXCopyFilesBuildPhase;
			buildActionMask = 2147483647;
			dstPath = /usr/share/man/man1/;
			dstSubfolderSpec = 0;
			files = (
			);
			runOnlyForDeploymentPostprocessing = 1;
		};
/* End PBXCopyFilesBuildPhase section */

/* Begin PBXFileReference section */
		B462F667B89025A198D89AF6 /* ch15_prog8 */ = {isa = PBXFileReference; explicitFileType = "compiled.mach-o.executable"; includeInIndex = 0; path = ch15_prog8; sourceTree = BUILT_PRODUCTS_DIR; };
		B462FE95E3D72B4D57AB3EAD /* main.m */ = {isa = PBXFileReference; lastKnownFileType = sourcecode.c.objc; path = main.m; sourceTree = "<group>"; };
/* End PBXFileReference section */

/* Begin PBXFrameworksBuildPhase section */
		B462FFC2BCED076DA5113723 /* Frameworks */ = {
			isa = PBXFrameworksBuildPhase;
			buildActionMask = 2147483647;
			files = (
			);
			runOnlyForDeploymentPostprocessing = 0;
		};
/* End PBXFrameworksBuildPhase section */

/* Begin PBXGroup section */
		B462F090947A2015C6325CFD /* ch15_prog8 */ = {
			isa = PBXGroup;
			children = (
				B462FE95E3D72B4D57AB3EAD /* main.m */,
			);
			path = ch15_prog8;
			sourceTree = "<group>";
		};
		B462F10A504A46EBE8B9CD75 /* Products */ = {
			isa = PBXGroup;
			children = (
				B462F667B89025A198D89AF6 /* ch15_prog8 */,
			);
			name = Products;
			sourceTree = "<group>";
		};
		B462F96680D6AAD95912FE4E = {
			isa = PBXGroup;
			children = (
				B462F10A504A46EBE8B9CD75 /* Products */,
				B462F090947A2015C6325CFD /* ch15_prog8 */,
			);
			sourceTree = "<group>";
		};
/* End PBXGroup section */

/* Begin PBXNativeTarget section */
		B462FB1FD22EDB04DC2FA5B5 /* ch15_prog8 */ = {
			isa = PBXNativeTarget;
			buildConfigurationList = B462F8C1B5302453441C03AA /* Build configuration list for PBXNativeTarget "ch15_prog8" */;
			buildPhases = (
				B462FB9819E3C854639ACACA /* Sources */,
				B462FFC2BCED076DA5113723 /* Frameworks */,
				B462F4C86CBA282F65AFF6CF /* CopyFiles */,
			);
			buildRules = (
			);
			dependencies = (
			);
			name = ch15_prog8;
			productName = ch15_prog8;
			productReference = B462F667B89025A198D89AF6 /* ch15_prog8 */;
			productType = "com.apple.product-type.tool";
		};
/* End PBXNativeTarget section */

/* Begin PBXProject section */
		B462FB7C8C8D17DFFBB269EA /* Project object */ = {
			isa = PBXProject;
			attributes = {
				ORGANIZATIONNAME = Shuieryin;
			};
			buildConfigurationList = B462F951EA295FE37A06B22C /* Build configuration list for PBXProject "ch15_prog8" */;
			compatibilityVersion = "Xcode 3.2";
			developmentRegion = English;
			hasScannedForEncodings = 0;
			knownRegions = (
				en,
			);
			mainGroup = B462F96680D6AAD95912FE4E;
			productRefGroup = B462F10A504A46EBE8B9CD75 /* Products */;
			projectDirPath = "";
			projectRoot = "";
			targets = (
				B462FB1FD22EDB04DC2FA5B5 /* ch15_prog8 */,
			);
		};
/* End PBXProject section */

/* Begin PBXSourcesBuildPhase section */
		B462FB9819E3C854639ACACA /* Sources */ = {
			isa = PBXSourcesBuildPhase;
			buildActionMask = 2147483647;
			files = (
				B462F6171BC2633B73FA9309 /* main.m in Sources */,
			);
			runOnlyForDeploymentPostprocessing = 0;
		};
/* End PBXSourcesBuildPhase section */

/* Begin XCBuildConfiguration section */
		B462F11CA4640193971D07C5 /* Release */ = {
			isa = XCBuildConfiguration;
			buildSettings = {
				PRODUCT_NAME = "$(TARGET_NAME)";
			};
			name = Release;
		};
		B462FA28278704D9F608B28F /* Debug */ = {
			isa = XCBuildConfiguration;
			buildSettings = {
				PRODUCT_NAME = "$(TARGET_NAME)";
			};
			name = Debug;
		};
		B462FC50A5C80F414E1CE28F /* Debug */ = {
			isa = XCBuildConfiguration;
			buildSettings = {
				ALWAYS_SEARCH_USER_PATHS = NO;
				CLANG_ANALYZER_NONNULL = YES;
				CLANG_CXX_LANGUAGE_STANDARD = "gnu++0x";
				CLANG_CXX_LIBRARY = "libc++";
				CLANG_ENABLE_MODULES = YES;
				CLANG_ENABLE_OBJC_ARC = YES;
				CLANG_WARN_BOOL_CONVERSION = YES;
				CLANG_WARN_CONSTANT_CONVERSION = YES;
				CLANG_WARN_DIRECT_OBJC_ISA_USAGE = YES_ERROR;
				CLANG_WARN_EMPTY_BODY = YES;
				CLANG_WARN_ENUM_CONVERSION = YES;
				CLANG_WARN_INT_CONVERSION = YES;
				CLANG_WARN_OBJC_ROOT_CLASS = YES_ERROR;
				CLANG_WARN_UNREACHABLE_CODE = YES;
				CLANG_WARN__DUPLICATE_METHOD_MATCH = YES;
				CODE_SIGN_IDENTITY = "-";
				COPY_PHASE_STRIP = NO;
				DEBUG_INFORMATION_FORMAT = dwarf;
				ENABLE_STRICT_OBJC_MSGSEND = YES;
				ENABLE_TESTABILITY = YES;
				GCC_C_LANGUAGE_STANDARD = gnu99;
				GCC_DYNAMIC_NO_PIC = NO;
				GCC_NO_COMMON_BLOCKS = YES;
				GCC_OPTIMIZATION_LEVEL = 0;
				GCC_PREPROCESSOR_DEFINITIONS = (
					"DEBUG=1",
					"$(inherited)",
				);
				GCC_WARN_64_TO_32_BIT_CONVERSION = YES;
				GCC_WARN_ABOUT_RETURN_TYPE = YES_ERROR;
				GCC_WARN_UNDECLARED_SELECTOR = YES;
				GCC_WARN_UNINITIALIZED_AUTOS = YES_AGGRESSIVE;
				GCC_WARN_UNUSED_FUNCTION = YES;
				GCC_WARN_UNUSED_VARIABLE = YES;
				MACOSX_DEPLOYMENT_TARGET = 10.11;
				MTL_ENABLE_DEBUG_INFO = YES;
				ONLY_ACTIVE_ARCH = YES;
				SDKROOT = macosx;
			};
			name = Debug;
		};
		B462FFDA2A809CA927F87455 /* Release */ = {
			isa = XCBuildConfiguration;
			buildSettings = {
				ALWAYS_SEARCH_USER_PATHS = NO;
				CLANG_ANALYZER_NONNULL = YES;
				CLANG_CXX_LANGUAGE_STANDARD = "gnu++0x";
				CLANG_CXX_LIBRARY = "libc++";
				CLANG_ENABLE_MODULES = YES;
				CLANG_ENABLE_OBJC_ARC = YES;
				CLANG_WARN_BOOL_CONVERSION = YES;
				CLANG_WARN_CONSTANT_CONVERSION = YES;
				CLANG_WARN_DIRECT_OBJC_ISA_USAGE = YES_ERROR;
				CLANG_WARN_EMPTY_BODY = YES;
				CLANG_WARN_ENUM_CONVERSION = YES;
				CLANG_WARN_INT_CONVERSION = YES;
				CLANG_WARN_OBJC_ROOT_CLASS = YES_ERROR;
				CLANG_WARN_UNREACHABLE_CODE = YES;
				CLANG_WARN__DUPLICATE_METHOD_MATCH = YES;
				CODE_SIGN_IDENTITY = "-";
				COPY_PHASE_STRIP = NO;
				DEBUG_INFORMATION_FORMAT = "dwarf-with-dsym";
				ENABLE_NS_ASSERTIONS = NO;
				ENABLE_STRICT_OBJC_MSGSEND = YES;
				GCC_C_LANGUAGE_STANDARD = gnu99;
				GCC_NO_COMMON_BLOCKS = YES;
				GCC_WARN_64_TO_32_BIT_CONVERSION = YES;
				GCC_WARN_ABOUT_RETURN_TYPE = YES_ERROR;
				GCC_WARN_UNDECLARED_SELECTOR = YES;
				GCC_WARN_UNINITIALIZED_AUTOS = YES_AGGRESSIVE;
				GCC_WARN_UNUSED_FUNCTION = YES;
				GCC_WARN_UNUSED_VARIABLE = YES;
				MACOSX_DEPLOYMENT_TARGET = 10.11;
				MTL_ENABLE_DEBUG_INFO = NO;
				SDKROOT = macosx;
			};
			name = Release;
		};
/* End XCBuildConfiguration section */

/* Begin XCConfigurationList section */
		B462F8C1B5302453441C03AA /* Build configuration list for PBXNativeTarget "ch15_prog8" */ = {
			isa = XCConfigurationList;
			buildConfigurations = (
				B462FA28278704D9F608B28F /* Debug */,
				B462F11CA4640193971D07C5 /* Release */,
			);
			defaultConfigurationIsVisible = 0;
		};
		B462F951EA295FE37A06B22C /* Build configuration list for PBXProject "ch15_prog8" */ = {
			isa = XCConfigurationList;
			buildConfigurations = (
				B462FC50A5C80F414E1CE28F /* Debug */,
				B462FFDA2A809CA927F87455 /* Release */,
			);
			defaultConfigurationIsVisible = 0;
			defaultConfigurationName = Release;
		};
/* End XCConfigurationList section */
	};
	rootObject = B462FB7C8C8D17DFFBB269EA /* Project object */;
}
