// !$*UTF8*$!
{
	archiveVersion = 1;
	classes = {
	};
	objectVersion = 46;
	objects = {

/* Begin PBXBuildFile section */
		B462F5C62459B4049FE36C0B /* main.m in Sources */ = {isa = PBXBuildFile; fileRef = B462F504A4421DECF1B175F3 /* main.m */; };
/* End PBXBuildFile section */

/* Begin PBXCopyFilesBuildPhase section */
		B462F472D2D6C1C79115EE73 /* CopyFiles */ = {
			isa = PBXCopyFilesBuildPhase;
			buildActionMask = 2147483647;
			dstPath = /usr/share/man/man1/;
			dstSubfolderSpec = 0;
			files = (
			);
			runOnlyForDeploymentPostprocessing = 1;
		};
/* End PBXCopyFilesBuildPhase section */

/* Begin PBXFileReference section */
		B462F504A4421DECF1B175F3 /* main.m */ = {isa = PBXFileReference; lastKnownFileType = sourcecode.c.objc; path = main.m; sourceTree = "<group>"; };
		B462FE8F344C7DA872D82FF8 /* ch13_prog10 */ = {isa = PBXFileReference; explicitFileType = "compiled.mach-o.executable"; includeInIndex = 0; path = ch13_prog10; sourceTree = BUILT_PRODUCTS_DIR; };
/* End PBXFileReference section */

/* Begin PBXFrameworksBuildPhase section */
		B462F02C2E489014E860E18A /* Frameworks */ = {
			isa = PBXFrameworksBuildPhase;
			buildActionMask = 2147483647;
			files = (
			);
			runOnlyForDeploymentPostprocessing = 0;
		};
/* End PBXFrameworksBuildPhase section */

/* Begin PBXGroup section */
		B462F057843B5AFCDAB96DFB /* Products */ = {
			isa = PBXGroup;
			children = (
				B462FE8F344C7DA872D82FF8 /* ch13_prog10 */,
			);
			name = Products;
			sourceTree = "<group>";
		};
		B462F32B1F700445E94B3877 = {
			isa = PBXGroup;
			children = (
				B462F057843B5AFCDAB96DFB /* Products */,
				B462F4E369D9CEC9B1CD6619 /* ch13_prog10 */,
			);
			sourceTree = "<group>";
		};
		B462F4E369D9CEC9B1CD6619 /* ch13_prog10 */ = {
			isa = PBXGroup;
			children = (
				B462F504A4421DECF1B175F3 /* main.m */,
			);
			path = ch13_prog10;
			sourceTree = "<group>";
		};
/* End PBXGroup section */

/* Begin PBXNativeTarget section */
		B462F8633E24F8C5E3963DC6 /* ch13_prog10 */ = {
			isa = PBXNativeTarget;
			buildConfigurationList = B462F92CB4858AD0B8F360CB /* Build configuration list for PBXNativeTarget "ch13_prog10" */;
			buildPhases = (
				B462FA83CB4E4DC7A21B360E /* Sources */,
				B462F02C2E489014E860E18A /* Frameworks */,
				B462F472D2D6C1C79115EE73 /* CopyFiles */,
			);
			buildRules = (
			);
			dependencies = (
			);
			name = ch13_prog10;
			productName = ch13_prog10;
			productReference = B462FE8F344C7DA872D82FF8 /* ch13_prog10 */;
			productType = "com.apple.product-type.tool";
		};
/* End PBXNativeTarget section */

/* Begin PBXProject section */
		B462F6D4CCADE540525FF1F1 /* Project object */ = {
			isa = PBXProject;
			attributes = {
				ORGANIZATIONNAME = Shuieryin;
			};
			buildConfigurationList = B462FFA16BC3BA87B52B2532 /* Build configuration list for PBXProject "ch13_prog10" */;
			compatibilityVersion = "Xcode 3.2";
			developmentRegion = English;
			hasScannedForEncodings = 0;
			knownRegions = (
				en,
			);
			mainGroup = B462F32B1F700445E94B3877;
			productRefGroup = B462F057843B5AFCDAB96DFB /* Products */;
			projectDirPath = "";
			projectRoot = "";
			targets = (
				B462F8633E24F8C5E3963DC6 /* ch13_prog10 */,
			);
		};
/* End PBXProject section */

/* Begin PBXSourcesBuildPhase section */
		B462FA83CB4E4DC7A21B360E /* Sources */ = {
			isa = PBXSourcesBuildPhase;
			buildActionMask = 2147483647;
			files = (
				B462F5C62459B4049FE36C0B /* main.m in Sources */,
			);
			runOnlyForDeploymentPostprocessing = 0;
		};
/* End PBXSourcesBuildPhase section */

/* Begin XCBuildConfiguration section */
		B462F33F7A8BDA0A821BE6F8 /* Debug */ = {
			isa = XCBuildConfiguration;
			buildSettings = {
				PRODUCT_NAME = "$(TARGET_NAME)";
			};
			name = Debug;
		};
		B462F3B282EE4B52D589C5FA /* Release */ = {
			isa = XCBuildConfiguration;
			buildSettings = {
				PRODUCT_NAME = "$(TARGET_NAME)";
			};
			name = Release;
		};
		B462F495936126B9F7DD1E82 /* Debug */ = {
			isa = XCBuildConfiguration;
			buildSettings = {
				ALWAYS_SEARCH_USER_PATHS = NO;
				CLANG_ANALYZER_NONNULL = YES;
				CLANG_CXX_LANGUAGE_STANDARD = "gnu++0x";
				CLANG_CXX_LIBRARY = "libc++";
				CLANG_ENABLE_MODULES = YES;
				CLANG_ENABLE_OBJC_ARC = YES;
				CLANG_WARN_BOOL_CONVERSION = YES;
				CLANG_WARN_CONSTANT_CONVERSION = YES;
				CLANG_WARN_DIRECT_OBJC_ISA_USAGE = YES_ERROR;
				CLANG_WARN_EMPTY_BODY = YES;
				CLANG_WARN_ENUM_CONVERSION = YES;
				CLANG_WARN_INT_CONVERSION = YES;
				CLANG_WARN_OBJC_ROOT_CLASS = YES_ERROR;
				CLANG_WARN_UNREACHABLE_CODE = YES;
				CLANG_WARN__DUPLICATE_METHOD_MATCH = YES;
				CODE_SIGN_IDENTITY = "-";
				COPY_PHASE_STRIP = NO;
				DEBUG_INFORMATION_FORMAT = dwarf;
				ENABLE_STRICT_OBJC_MSGSEND = YES;
				ENABLE_TESTABILITY = YES;
				GCC_C_LANGUAGE_STANDARD = gnu99;
				GCC_DYNAMIC_NO_PIC = NO;
				GCC_NO_COMMON_BLOCKS = YES;
				GCC_OPTIMIZATION_LEVEL = 0;
				GCC_PREPROCESSOR_DEFINITIONS = (
					"DEBUG=1",
					"$(inherited)",
				);
				GCC_WARN_64_TO_32_BIT_CONVERSION = YES;
				GCC_WARN_ABOUT_RETURN_TYPE = YES_ERROR;
				GCC_WARN_UNDECLARED_SELECTOR = YES;
				GCC_WARN_UNINITIALIZED_AUTOS = YES_AGGRESSIVE;
				GCC_WARN_UNUSED_FUNCTION = YES;
				GCC_WARN_UNUSED_VARIABLE = YES;
				MACOSX_DEPLOYMENT_TARGET = 10.11;
				MTL_ENABLE_DEBUG_INFO = YES;
				ONLY_ACTIVE_ARCH = YES;
				SDKROOT = macosx;
			};
			name = Debug;
		};
		B462F53A4DC1163179F4C5AD /* Release */ = {
			isa = XCBuildConfiguration;
			buildSettings = {
				ALWAYS_SEARCH_USER_PATHS = NO;
				CLANG_ANALYZER_NONNULL = YES;
				CLANG_CXX_LANGUAGE_STANDARD = "gnu++0x";
				CLANG_CXX_LIBRARY = "libc++";
				CLANG_ENABLE_MODULES = YES;
				CLANG_ENABLE_OBJC_ARC = YES;
				CLANG_WARN_BOOL_CONVERSION = YES;
				CLANG_WARN_CONSTANT_CONVERSION = YES;
				CLANG_WARN_DIRECT_OBJC_ISA_USAGE = YES_ERROR;
				CLANG_WARN_EMPTY_BODY = YES;
				CLANG_WARN_ENUM_CONVERSION = YES;
				CLANG_WARN_INT_CONVERSION = YES;
				CLANG_WARN_OBJC_ROOT_CLASS = YES_ERROR;
				CLANG_WARN_UNREACHABLE_CODE = YES;
				CLANG_WARN__DUPLICATE_METHOD_MATCH = YES;
				CODE_SIGN_IDENTITY = "-";
				COPY_PHASE_STRIP = NO;
				DEBUG_INFORMATION_FORMAT = "dwarf-with-dsym";
				ENABLE_NS_ASSERTIONS = NO;
				ENABLE_STRICT_OBJC_MSGSEND = YES;
				GCC_C_LANGUAGE_STANDARD = gnu99;
				GCC_NO_COMMON_BLOCKS = YES;
				GCC_WARN_64_TO_32_BIT_CONVERSION = YES;
				GCC_WARN_ABOUT_RETURN_TYPE = YES_ERROR;
				GCC_WARN_UNDECLARED_SELECTOR = YES;
				GCC_WARN_UNINITIALIZED_AUTOS = YES_AGGRESSIVE;
				GCC_WARN_UNUSED_FUNCTION = YES;
				GCC_WARN_UNUSED_VARIABLE = YES;
				MACOSX_DEPLOYMENT_TARGET = 10.11;
				MTL_ENABLE_DEBUG_INFO = NO;
				SDKROOT = macosx;
			};
			name = Release;
		};
/* End XCBuildConfiguration section */

/* Begin XCConfigurationList section */
		B462F92CB4858AD0B8F360CB /* Build configuration list for PBXNativeTarget "ch13_prog10" */ = {
			isa = XCConfigurationList;
			buildConfigurations = (
				B462F33F7A8BDA0A821BE6F8 /* Debug */,
				B462F3B282EE4B52D589C5FA /* Release */,
			);
			defaultConfigurationIsVisible = 0;
		};
		B462FFA16BC3BA87B52B2532 /* Build configuration list for PBXProject "ch13_prog10" */ = {
			isa = XCConfigurationList;
			buildConfigurations = (
				B462F495936126B9F7DD1E82 /* Debug */,
				B462F53A4DC1163179F4C5AD /* Release */,
			);
			defaultConfigurationIsVisible = 0;
			defaultConfigurationName = Release;
		};
/* End XCConfigurationList section */
	};
	rootObject = B462F6D4CCADE540525FF1F1 /* Project object */;
}
