// !$*UTF8*$!
{
	archiveVersion = 1;
	classes = {
	};
	objectVersion = 46;
	objects = {

/* Begin PBXBuildFile section */
		B462F6356396E58AE227F21C /* main.m in Sources */ = {isa = PBXBuildFile; fileRef = B462F5349F968EA7D60154E2 /* main.m */; };
		B462F7D01D44E86B85BA952E /* AddressCard.m in Sources */ = {isa = PBXBuildFile; fileRef = B462F0C171AAF95B2BDDF485 /* AddressCard.m */; };
		B462F96BD3F1DD5D33F38EC2 /* Foo.m in Sources */ = {isa = PBXBuildFile; fileRef = B462FFD3A4C770A5E70AD8C5 /* Foo.m */; };
		B462FE284C241EE360DBD58E /* AddressBook.m in Sources */ = {isa = PBXBuildFile; fileRef = B462F7E284948CE8DC5C825D /* AddressBook.m */; };
/* End PBXBuildFile section */

/* Begin PBXCopyFilesBuildPhase section */
		B462F875F332EC7EA2028707 /* CopyFiles */ = {
			isa = PBXCopyFilesBuildPhase;
			buildActionMask = 2147483647;
			dstPath = /usr/share/man/man1/;
			dstSubfolderSpec = 0;
			files = (
			);
			runOnlyForDeploymentPostprocessing = 1;
		};
/* End PBXCopyFilesBuildPhase section */

/* Begin PBXFileReference section */
		B462F01CE0C0F9493213F3CD /* AddressBook.h */ = {isa = PBXFileReference; fileEncoding = 4; lastKnownFileType = sourcecode.c.h; path = AddressBook.h; sourceTree = "<group>"; };
		B462F0C171AAF95B2BDDF485 /* AddressCard.m */ = {isa = PBXFileReference; fileEncoding = 4; lastKnownFileType = sourcecode.c.objc; path = AddressCard.m; sourceTree = "<group>"; };
		B462F24A41FB7E99B593ECB5 /* AddressCard.h */ = {isa = PBXFileReference; fileEncoding = 4; lastKnownFileType = sourcecode.c.h; path = AddressCard.h; sourceTree = "<group>"; };
		B462F5349F968EA7D60154E2 /* main.m */ = {isa = PBXFileReference; lastKnownFileType = sourcecode.c.objc; path = main.m; sourceTree = "<group>"; };
		B462F74BAEAE22A3FEB59D74 /* Foo.h */ = {isa = PBXFileReference; fileEncoding = 4; lastKnownFileType = sourcecode.c.h; path = Foo.h; sourceTree = "<group>"; };
		B462F7E284948CE8DC5C825D /* AddressBook.m */ = {isa = PBXFileReference; fileEncoding = 4; lastKnownFileType = sourcecode.c.objc; path = AddressBook.m; sourceTree = "<group>"; };
		B462F9ACA2B5C0C569E74524 /* ch19_prog9 */ = {isa = PBXFileReference; explicitFileType = "compiled.mach-o.executable"; includeInIndex = 0; path = ch19_prog9; sourceTree = BUILT_PRODUCTS_DIR; };
		B462FFD3A4C770A5E70AD8C5 /* Foo.m */ = {isa = PBXFileReference; fileEncoding = 4; lastKnownFileType = sourcecode.c.objc; path = Foo.m; sourceTree = "<group>"; };
/* End PBXFileReference section */

/* Begin PBXFrameworksBuildPhase section */
		B462F57C2EB1EF5E1D5123D8 /* Frameworks */ = {
			isa = PBXFrameworksBuildPhase;
			buildActionMask = 2147483647;
			files = (
			);
			runOnlyForDeploymentPostprocessing = 0;
		};
/* End PBXFrameworksBuildPhase section */

/* Begin PBXGroup section */
		B462F3068F9A25F6A3BF28A5 /* Products */ = {
			isa = PBXGroup;
			children = (
				B462F9ACA2B5C0C569E74524 /* ch19_prog9 */,
			);
			name = Products;
			sourceTree = "<group>";
		};
		B462F5093B7F26CFB52CA959 /* ch19_prog9 */ = {
			isa = PBXGroup;
			children = (
				B462F5349F968EA7D60154E2 /* main.m */,
				B462FFD3A4C770A5E70AD8C5 /* Foo.m */,
				B462F74BAEAE22A3FEB59D74 /* Foo.h */,
				B462F01CE0C0F9493213F3CD /* AddressBook.h */,
				B462F7E284948CE8DC5C825D /* AddressBook.m */,
				B462F24A41FB7E99B593ECB5 /* AddressCard.h */,
				B462F0C171AAF95B2BDDF485 /* AddressCard.m */,
			);
			path = ch19_prog9;
			sourceTree = "<group>";
		};
		B462F5E4704B665EA604C49B = {
			isa = PBXGroup;
			children = (
				B462F3068F9A25F6A3BF28A5 /* Products */,
				B462F5093B7F26CFB52CA959 /* ch19_prog9 */,
			);
			sourceTree = "<group>";
		};
/* End PBXGroup section */

/* Begin PBXNativeTarget section */
		B462FBB37082424484D6D969 /* ch19_prog9 */ = {
			isa = PBXNativeTarget;
			buildConfigurationList = B462FD298CA10C87A2B43E6F /* Build configuration list for PBXNativeTarget "ch19_prog9" */;
			buildPhases = (
				B462F9EBF6558061C5DDFADB /* Sources */,
				B462F57C2EB1EF5E1D5123D8 /* Frameworks */,
				B462F875F332EC7EA2028707 /* CopyFiles */,
			);
			buildRules = (
			);
			dependencies = (
			);
			name = ch19_prog9;
			productName = ch19_prog9;
			productReference = B462F9ACA2B5C0C569E74524 /* ch19_prog9 */;
			productType = "com.apple.product-type.tool";
		};
/* End PBXNativeTarget section */

/* Begin PBXProject section */
		B462F436FAC5446E0D154CED /* Project object */ = {
			isa = PBXProject;
			attributes = {
				ORGANIZATIONNAME = Shuieryin;
			};
			buildConfigurationList = B462F71B4C3D30B66DA158B3 /* Build configuration list for PBXProject "ch19_prog9" */;
			compatibilityVersion = "Xcode 3.2";
			developmentRegion = English;
			hasScannedForEncodings = 0;
			knownRegions = (
				en,
			);
			mainGroup = B462F5E4704B665EA604C49B;
			productRefGroup = B462F3068F9A25F6A3BF28A5 /* Products */;
			projectDirPath = "";
			projectRoot = "";
			targets = (
				B462FBB37082424484D6D969 /* ch19_prog9 */,
			);
		};
/* End PBXProject section */

/* Begin PBXSourcesBuildPhase section */
		B462F9EBF6558061C5DDFADB /* Sources */ = {
			isa = PBXSourcesBuildPhase;
			buildActionMask = 2147483647;
			files = (
				B462F6356396E58AE227F21C /* main.m in Sources */,
				B462F96BD3F1DD5D33F38EC2 /* Foo.m in Sources */,
				B462FE284C241EE360DBD58E /* AddressBook.m in Sources */,
				B462F7D01D44E86B85BA952E /* AddressCard.m in Sources */,
			);
			runOnlyForDeploymentPostprocessing = 0;
		};
/* End PBXSourcesBuildPhase section */

/* Begin XCBuildConfiguration section */
		B462F02357BB65D7EFA74AC0 /* Release */ = {
			isa = XCBuildConfiguration;
			buildSettings = {
				ALWAYS_SEARCH_USER_PATHS = NO;
				CLANG_ANALYZER_NONNULL = YES;
				CLANG_CXX_LANGUAGE_STANDARD = "gnu++0x";
				CLANG_CXX_LIBRARY = "libc++";
				CLANG_ENABLE_MODULES = YES;
				CLANG_ENABLE_OBJC_ARC = YES;
				CLANG_WARN_BOOL_CONVERSION = YES;
				CLANG_WARN_CONSTANT_CONVERSION = YES;
				CLANG_WARN_DIRECT_OBJC_ISA_USAGE = YES_ERROR;
				CLANG_WARN_EMPTY_BODY = YES;
				CLANG_WARN_ENUM_CONVERSION = YES;
				CLANG_WARN_INT_CONVERSION = YES;
				CLANG_WARN_OBJC_ROOT_CLASS = YES_ERROR;
				CLANG_WARN_UNREACHABLE_CODE = YES;
				CLANG_WARN__DUPLICATE_METHOD_MATCH = YES;
				CODE_SIGN_IDENTITY = "-";
				COPY_PHASE_STRIP = NO;
				DEBUG_INFORMATION_FORMAT = "dwarf-with-dsym";
				ENABLE_NS_ASSERTIONS = NO;
				ENABLE_STRICT_OBJC_MSGSEND = YES;
				GCC_C_LANGUAGE_STANDARD = gnu99;
				GCC_NO_COMMON_BLOCKS = YES;
				GCC_WARN_64_TO_32_BIT_CONVERSION = YES;
				GCC_WARN_ABOUT_RETURN_TYPE = YES_ERROR;
				GCC_WARN_UNDECLARED_SELECTOR = YES;
				GCC_WARN_UNINITIALIZED_AUTOS = YES_AGGRESSIVE;
				GCC_WARN_UNUSED_FUNCTION = YES;
				GCC_WARN_UNUSED_VARIABLE = YES;
				MACOSX_DEPLOYMENT_TARGET = 10.11;
				MTL_ENABLE_DEBUG_INFO = NO;
				SDKROOT = macosx;
			};
			name = Release;
		};
		B462F396498840C30478D446 /* Debug */ = {
			isa = XCBuildConfiguration;
			buildSettings = {
				PRODUCT_NAME = "$(TARGET_NAME)";
			};
			name = Debug;
		};
		B462F67B6005BA8D81448CFB /* Release */ = {
			isa = XCBuildConfiguration;
			buildSettings = {
				PRODUCT_NAME = "$(TARGET_NAME)";
			};
			name = Release;
		};
		B462FDF8AF0C6D733A56F66A /* Debug */ = {
			isa = XCBuildConfiguration;
			buildSettings = {
				ALWAYS_SEARCH_USER_PATHS = NO;
				CLANG_ANALYZER_NONNULL = YES;
				CLANG_CXX_LANGUAGE_STANDARD = "gnu++0x";
				CLANG_CXX_LIBRARY = "libc++";
				CLANG_ENABLE_MODULES = YES;
				CLANG_ENABLE_OBJC_ARC = YES;
				CLANG_WARN_BOOL_CONVERSION = YES;
				CLANG_WARN_CONSTANT_CONVERSION = YES;
				CLANG_WARN_DIRECT_OBJC_ISA_USAGE = YES_ERROR;
				CLANG_WARN_EMPTY_BODY = YES;
				CLANG_WARN_ENUM_CONVERSION = YES;
				CLANG_WARN_INT_CONVERSION = YES;
				CLANG_WARN_OBJC_ROOT_CLASS = YES_ERROR;
				CLANG_WARN_UNREACHABLE_CODE = YES;
				CLANG_WARN__DUPLICATE_METHOD_MATCH = YES;
				CODE_SIGN_IDENTITY = "-";
				COPY_PHASE_STRIP = NO;
				DEBUG_INFORMATION_FORMAT = dwarf;
				ENABLE_STRICT_OBJC_MSGSEND = YES;
				ENABLE_TESTABILITY = YES;
				GCC_C_LANGUAGE_STANDARD = gnu99;
				GCC_DYNAMIC_NO_PIC = NO;
				GCC_NO_COMMON_BLOCKS = YES;
				GCC_OPTIMIZATION_LEVEL = 0;
				GCC_PREPROCESSOR_DEFINITIONS = (
					"DEBUG=1",
					"$(inherited)",
				);
				GCC_WARN_64_TO_32_BIT_CONVERSION = YES;
				GCC_WARN_ABOUT_RETURN_TYPE = YES_ERROR;
				GCC_WARN_UNDECLARED_SELECTOR = YES;
				GCC_WARN_UNINITIALIZED_AUTOS = YES_AGGRESSIVE;
				GCC_WARN_UNUSED_FUNCTION = YES;
				GCC_WARN_UNUSED_VARIABLE = YES;
				MACOSX_DEPLOYMENT_TARGET = 10.11;
				MTL_ENABLE_DEBUG_INFO = YES;
				ONLY_ACTIVE_ARCH = YES;
				SDKROOT = macosx;
			};
			name = Debug;
		};
/* End XCBuildConfiguration section */

/* Begin XCConfigurationList section */
		B462F71B4C3D30B66DA158B3 /* Build configuration list for PBXProject "ch19_prog9" */ = {
			isa = XCConfigurationList;
			buildConfigurations = (
				B462FDF8AF0C6D733A56F66A /* Debug */,
				B462F02357BB65D7EFA74AC0 /* Release */,
			);
			defaultConfigurationIsVisible = 0;
			defaultConfigurationName = Release;
		};
		B462FD298CA10C87A2B43E6F /* Build configuration list for PBXNativeTarget "ch19_prog9" */ = {
			isa = XCConfigurationList;
			buildConfigurations = (
				B462F396498840C30478D446 /* Debug */,
				B462F67B6005BA8D81448CFB /* Release */,
			);
			defaultConfigurationIsVisible = 0;
		};
/* End XCConfigurationList section */
	};
	rootObject = B462F436FAC5446E0D154CED /* Project object */;
}
