<?xml version="1.0" encoding="UTF-8"?>
<Scheme
   version = "1.3">
   <BuildAction>
      <BuildActionEntries>
         <BuildActionEntry
            buildForRunning = "YES">
            <BuildableReference
               BuildableIdentifier = "primary"
               BlueprintIdentifier = "B462F79B2F43E32D2B063516"
               BuildableName = "ch10_prog1"
               BlueprintName = "ch10_prog1"
               ReferencedContainer = "container:ch10_prog1.xcodeproj">
            </BuildableReference>
         </BuildActionEntry>
      </BuildActionEntries>
   </BuildAction>
   <LaunchAction
      useCustomWorkingDirectory = "NO"
      buildConfiguration = "Debug">
      <BuildableProductRunnable>
         <BuildableReference
            BuildableIdentifier = "primary"
            BlueprintIdentifier = "B462F79B2F43E32D2B063516"
            BuildableName = "ch10_prog1"
            BlueprintName = "ch10_prog1"
            ReferencedContainer = "container:ch10_prog1.xcodeproj">
         </BuildableReference>
      </BuildableProductRunnable>
   </LaunchAction>
</Scheme>
